
Microsoft Visual Studio Solution File, Format Version 12.00
# Visual Studio Version 17
VisualStudioVersion = 17.3.32901.215
MinimumVisualStudioVersion = 10.0.40219.1
Project("{FAE04EC0-301F-11D3-BF4B-00C04F79EFBC}") = "ToyRobotChallenge", "ToyRobotChallenge\ToyRobotChallenge.csproj", "{C43665C1-05F1-470C-86C4-AF8B56DC74F3}"
EndProject
Project("{FAE04EC0-301F-11D3-BF4B-00C04F79EFBC}") = "ToyRobotTest", "ToyRobotTest\ToyRobotTest.csproj", "{4BBE327B-4339-4C6D-B8D5-BB93878D4E95}"
EndProject
Global
	GlobalSection(SolutionConfigurationPlatforms) = preSolution
		Debug|Any CPU = Debug|Any CPU
		Release|Any CPU = Release|Any CPU
	EndGlobalSection
	GlobalSection(ProjectConfigurationPlatforms) = postSolution
		{C43665C1-05F1-470C-86C4-AF8B56DC74F3}.Debug|Any CPU.ActiveCfg = Debug|Any CPU
		{C43665C1-05F1-470C-86C4-AF8B56DC74F3}.Debug|Any CPU.Build.0 = Debug|Any CPU
		{C43665C1-05F1-470C-86C4-AF8B56DC74F3}.Release|Any CPU.ActiveCfg = Release|Any CPU
		{C43665C1-05F1-470C-86C4-AF8B56DC74F3}.Release|Any CPU.Build.0 = Release|Any CPU
		{4BBE327B-4339-4C6D-B8D5-BB93878D4E95}.Debug|Any CPU.ActiveCfg = Debug|Any CPU
		{4BBE327B-4339-4C6D-B8D5-BB93878D4E95}.Debug|Any CPU.Build.0 = Debug|Any CPU
		{4BBE327B-4339-4C6D-B8D5-BB93878D4E95}.Release|Any CPU.ActiveCfg = Release|Any CPU
		{4BBE327B-4339-4C6D-B8D5-BB93878D4E95}.Release|Any CPU.Build.0 = Release|Any CPU
	EndGlobalSection
	GlobalSection(SolutionProperties) = preSolution
		HideSolutionNode = FALSE
	EndGlobalSection
	GlobalSection(ExtensibilityGlobals) = postSolution
		SolutionGuid = {5A567E79-B941-4CA1-AAA9-297518B9A502}
	EndGlobalSection
EndGlobal
